
Microsoft Visual Studio Solution File, Format Version 12.00
# Visual Studio Version 17
VisualStudioVersion = 17.11.35327.3
MinimumVisualStudioVersion = 10.0.40219.1
Project("{2150E333-8FDC-42A3-9474-1A3956D46DE8}") = "MiniEtl.Excel", "MiniEtl.Excel", "{C4F83191-C407-406E-B643-8AF18C9FD9F8}"
EndProject
Project("{2150E333-8FDC-42A3-9474-1A3956D46DE8}") = "MiniEtl.SqlServer", "MiniEtl.SqlServer", "{9AB009A3-72B3-4533-92E6-4604FB1139C0}"
EndProject
Project("{2150E333-8FDC-42A3-9474-1A3956D46DE8}") = "Extract", "Extract", "{90EAA779-4F7E-4128-852A-E1099AB099D6}"
EndProject
Project("{2150E333-8FDC-42A3-9474-1A3956D46DE8}") = "Load", "Load", "{61DE4C1C-AD81-4E9E-A52D-D5AC56D0BCA7}"
EndProject
Project("{2150E333-8FDC-42A3-9474-1A3956D46DE8}") = "MiniEtl.FlatFiles", "MiniEtl.FlatFiles", "{1FA5F6F2-66BF-4AEA-83C5-804F52558650}"
EndProject
Project("{2150E333-8FDC-42A3-9474-1A3956D46DE8}") = "Delimited", "Delimited", "{D69C5468-1061-4368-9056-3D345162230C}"
EndProject
Project("{2150E333-8FDC-42A3-9474-1A3956D46DE8}") = "FixedWidth", "FixedWidth", "{3E4DB0C9-1EE0-4CD8-932D-1C3053D31B8F}"
EndProject
Project("{2150E333-8FDC-42A3-9474-1A3956D46DE8}") = "Extract", "Extract", "{FA1BD55E-0E70-4BF9-9381-91353D87D553}"
EndProject
Project("{2150E333-8FDC-42A3-9474-1A3956D46DE8}") = "Load", "Load", "{5E6A3C97-2E48-4B5E-A8BE-31359349545A}"
EndProject
Project("{2150E333-8FDC-42A3-9474-1A3956D46DE8}") = "Delimited", "Delimited", "{2F27DCE6-0219-4EFA-BAC1-112E4C946DC6}"
EndProject
Project("{2150E333-8FDC-42A3-9474-1A3956D46DE8}") = "FixedWidth", "FixedWidth", "{771D1E12-F15E-4952-B3ED-C591C21D9D2F}"
EndProject
Project("{2150E333-8FDC-42A3-9474-1A3956D46DE8}") = "Shared", "Shared", "{9B24657B-9991-468C-9FF3-9519BEC90457}"
EndProject
Project("{2150E333-8FDC-42A3-9474-1A3956D46DE8}") = "MiniEtl.Common", "MiniEtl.Common", "{86CE79DC-A9D5-419F-9F8E-BC2B2B4C9B06}"
EndProject
Project("{2150E333-8FDC-42A3-9474-1A3956D46DE8}") = "MiniEtl.Service", "MiniEtl.Service", "{99A100F1-BB7F-4426-BAB7-27A265B6E69D}"
EndProject
Project("{FAE04EC0-301F-11D3-BF4B-00C04F79EFBC}") = "MiniEtl.Service", "MiniEtl.Service\MiniEtl.Service.csproj", "{E549D2E4-2C7E-4416-A911-CE71975518BD}"
EndProject
Project("{FAE04EC0-301F-11D3-BF4B-00C04F79EFBC}") = "MiniEtl.Common", "MiniEtl.Common\MiniEtl.Common.csproj", "{D8A6AD62-05C3-4D00-944F-464273EF23B4}"
EndProject
Project("{FAE04EC0-301F-11D3-BF4B-00C04F79EFBC}") = "MiniEtl.Excel", "MiniEtl.Excel\MiniEtl.Excel.csproj", "{2B6CA440-D535-4583-8928-364A0BCC89A7}"
EndProject
Global
	GlobalSection(SolutionConfigurationPlatforms) = preSolution
		Debug|Any CPU = Debug|Any CPU
		Release|Any CPU = Release|Any CPU
	EndGlobalSection
	GlobalSection(ProjectConfigurationPlatforms) = postSolution
		{E549D2E4-2C7E-4416-A911-CE71975518BD}.Debug|Any CPU.ActiveCfg = Debug|Any CPU
		{E549D2E4-2C7E-4416-A911-CE71975518BD}.Debug|Any CPU.Build.0 = Debug|Any CPU
		{E549D2E4-2C7E-4416-A911-CE71975518BD}.Release|Any CPU.ActiveCfg = Release|Any CPU
		{E549D2E4-2C7E-4416-A911-CE71975518BD}.Release|Any CPU.Build.0 = Release|Any CPU
		{D8A6AD62-05C3-4D00-944F-464273EF23B4}.Debug|Any CPU.ActiveCfg = Debug|Any CPU
		{D8A6AD62-05C3-4D00-944F-464273EF23B4}.Debug|Any CPU.Build.0 = Debug|Any CPU
		{D8A6AD62-05C3-4D00-944F-464273EF23B4}.Release|Any CPU.ActiveCfg = Release|Any CPU
		{D8A6AD62-05C3-4D00-944F-464273EF23B4}.Release|Any CPU.Build.0 = Release|Any CPU
		{2B6CA440-D535-4583-8928-364A0BCC89A7}.Debug|Any CPU.ActiveCfg = Debug|Any CPU
		{2B6CA440-D535-4583-8928-364A0BCC89A7}.Debug|Any CPU.Build.0 = Debug|Any CPU
		{2B6CA440-D535-4583-8928-364A0BCC89A7}.Release|Any CPU.ActiveCfg = Release|Any CPU
		{2B6CA440-D535-4583-8928-364A0BCC89A7}.Release|Any CPU.Build.0 = Release|Any CPU
	EndGlobalSection
	GlobalSection(SolutionProperties) = preSolution
		HideSolutionNode = FALSE
	EndGlobalSection
	GlobalSection(NestedProjects) = preSolution
		{90EAA779-4F7E-4128-852A-E1099AB099D6} = {9AB009A3-72B3-4533-92E6-4604FB1139C0}
		{61DE4C1C-AD81-4E9E-A52D-D5AC56D0BCA7} = {9AB009A3-72B3-4533-92E6-4604FB1139C0}
		{D69C5468-1061-4368-9056-3D345162230C} = {FA1BD55E-0E70-4BF9-9381-91353D87D553}
		{3E4DB0C9-1EE0-4CD8-932D-1C3053D31B8F} = {FA1BD55E-0E70-4BF9-9381-91353D87D553}
		{FA1BD55E-0E70-4BF9-9381-91353D87D553} = {1FA5F6F2-66BF-4AEA-83C5-804F52558650}
		{5E6A3C97-2E48-4B5E-A8BE-31359349545A} = {1FA5F6F2-66BF-4AEA-83C5-804F52558650}
		{2F27DCE6-0219-4EFA-BAC1-112E4C946DC6} = {5E6A3C97-2E48-4B5E-A8BE-31359349545A}
		{771D1E12-F15E-4952-B3ED-C591C21D9D2F} = {5E6A3C97-2E48-4B5E-A8BE-31359349545A}
		{9B24657B-9991-468C-9FF3-9519BEC90457} = {1FA5F6F2-66BF-4AEA-83C5-804F52558650}
		{E549D2E4-2C7E-4416-A911-CE71975518BD} = {99A100F1-BB7F-4426-BAB7-27A265B6E69D}
		{D8A6AD62-05C3-4D00-944F-464273EF23B4} = {86CE79DC-A9D5-419F-9F8E-BC2B2B4C9B06}
		{2B6CA440-D535-4583-8928-364A0BCC89A7} = {C4F83191-C407-406E-B643-8AF18C9FD9F8}
	EndGlobalSection
	GlobalSection(ExtensibilityGlobals) = postSolution
		SolutionGuid = {100A482D-D5DA-4380-86EC-D59E281DF130}
	EndGlobalSection
EndGlobal
